
Microsoft Visual Studio Solution File, Format Version 12.00
# Visual Studio 15
VisualStudioVersion = 15.0.28307.329
MinimumVisualStudioVersion = 10.0.40219.1
Project("{FAE04EC0-301F-11D3-BF4B-00C04F79EFBC}") = "StudentDiary", "StudentDiary\StudentDiary.csproj", "{BFFF817B-00B3-4A3D-91BF-5D04FF582B7D}"
EndProject
Project("{FAE04EC0-301F-11D3-BF4B-00C04F79EFBC}") = "FirstProgram", "FirstProgram\FirstProgram.csproj", "{6D11C0F0-8515-4E25-A503-8E48CAD995EB}"
EndProject
Project("{FAE04EC0-301F-11D3-BF4B-00C04F79EFBC}") = "Constructors", "Constructors\Constructors.csproj", "{EC946329-4524-47EB-A988-2509DEAF9BF4}"
EndProject
Project("{FAE04EC0-301F-11D3-BF4B-00C04F79EFBC}") = "Odcinek10", "Odcinek10\Odcinek10.csproj", "{D7F310C6-A028-49E7-902B-9241C952A6F2}"
EndProject
Global
	GlobalSection(SolutionConfigurationPlatforms) = preSolution
		Debug|Any CPU = Debug|Any CPU
		Release|Any CPU = Release|Any CPU
	EndGlobalSection
	GlobalSection(ProjectConfigurationPlatforms) = postSolution
		{BFFF817B-00B3-4A3D-91BF-5D04FF582B7D}.Debug|Any CPU.ActiveCfg = Debug|Any CPU
		{BFFF817B-00B3-4A3D-91BF-5D04FF582B7D}.Debug|Any CPU.Build.0 = Debug|Any CPU
		{BFFF817B-00B3-4A3D-91BF-5D04FF582B7D}.Release|Any CPU.ActiveCfg = Release|Any CPU
		{BFFF817B-00B3-4A3D-91BF-5D04FF582B7D}.Release|Any CPU.Build.0 = Release|Any CPU
		{6D11C0F0-8515-4E25-A503-8E48CAD995EB}.Debug|Any CPU.ActiveCfg = Debug|Any CPU
		{6D11C0F0-8515-4E25-A503-8E48CAD995EB}.Debug|Any CPU.Build.0 = Debug|Any CPU
		{6D11C0F0-8515-4E25-A503-8E48CAD995EB}.Release|Any CPU.ActiveCfg = Release|Any CPU
		{6D11C0F0-8515-4E25-A503-8E48CAD995EB}.Release|Any CPU.Build.0 = Release|Any CPU
		{EC946329-4524-47EB-A988-2509DEAF9BF4}.Debug|Any CPU.ActiveCfg = Debug|Any CPU
		{EC946329-4524-47EB-A988-2509DEAF9BF4}.Debug|Any CPU.Build.0 = Debug|Any CPU
		{EC946329-4524-47EB-A988-2509DEAF9BF4}.Release|Any CPU.ActiveCfg = Release|Any CPU
		{EC946329-4524-47EB-A988-2509DEAF9BF4}.Release|Any CPU.Build.0 = Release|Any CPU
		{D7F310C6-A028-49E7-902B-9241C952A6F2}.Debug|Any CPU.ActiveCfg = Debug|Any CPU
		{D7F310C6-A028-49E7-902B-9241C952A6F2}.Debug|Any CPU.Build.0 = Debug|Any CPU
		{D7F310C6-A028-49E7-902B-9241C952A6F2}.Release|Any CPU.ActiveCfg = Release|Any CPU
		{D7F310C6-A028-49E7-902B-9241C952A6F2}.Release|Any CPU.Build.0 = Release|Any CPU
	EndGlobalSection
	GlobalSection(SolutionProperties) = preSolution
		HideSolutionNode = FALSE
	EndGlobalSection
	GlobalSection(ExtensibilityGlobals) = postSolution
		SolutionGuid = {3125A5A1-EB1E-48A2-9FCF-197925049A71}
	EndGlobalSection
EndGlobal
